{
  "nodes": {
    "nixpkgs": {
      "locked": {
        "lastModified": 1788614874,
        "narHash": "sha256-7QYjT2vHLuX9Z1pdxHXDKCbh1CR3D/2rywB9Tx0MPRg=",
        "owner": "NixOS",
        "repo": "nixpkgs",
        "rev": "c043004d1c6985732bcc1cbc5a9c9aecbbb4e0f0",
        "type": "github"
      },
      "original": {
        "owner": "NixOS",
        "ref": "nixos-unstable",
        "repo": "nixpkgs",
        "type": "github"
      }
    },
    "root": {
      "inputs": {
        "nixpkgs": "nixpkgs",
        "xo-latest": "xo-latest",
        "xo-rolling": "xo-rolling",
        "xo-stable": "xo-stable"
      }
    },
    "xo-latest": {
      "flake": false,
      "locked": {
        "lastModified": 1788516025,
        "narHash": "sha256-qaFAci7kkofPTgMJNG1ZkQLgWjA2U0y1f5SG8M11nPM=",
        "owner": "vatesfr",
        "repo": "xen-orchestra",
        "rev": "4416d55d7afe6d3bb20c7755fae1f63b7fdfb132",
        "type": "github"
      },
      "original": {
        "owner": "vatesfr",
        "repo": "xen-orchestra",
        "rev": "4416d55d7afe6d3bb20c7755fae1f63b7fdfb132",
        "type": "github"
      }
    },
    "xo-rolling": {
      "flake": false,
      "locked": {
        "lastModified": 1788524423,
        "narHash": "sha256-fFgadx9FiZWZRjRk6huyS5aJIyvY2iB187m8eb9NoKc=",
        "owner": "vatesfr",
        "repo": "xen-orchestra",
        "rev": "03865bc5fe854417522761b292ffec9de401f57b",
        "type": "github"
      },
      "original": {
        "owner": "vatesfr",
        "repo": "xen-orchestra",
        "rev": "03865bc5fe854417522761b292ffec9de401f57b",
        "type": "github"
      }
    },
    "xo-stable": {
      "flake": false,
      "locked": {
        "lastModified": 1788340701,
        "narHash": "sha256-kBmcxbmoLI96Ydaa60LB48eSkoEs+vHmu7lUtQTsa2I=",
        "owner": "vatesfr",
        "repo": "xen-orchestra",
        "rev": "bca8f02b8a3a4475eca49dc6e9327dbe09b20263",
        "type": "github"
      },
      "original": {
        "owner": "vatesfr",
        "repo": "xen-orchestra",
        "rev": "bca8f02b8a3a4475eca49dc6e9327dbe09b20263",
        "type": "github"
      }
    }
  },
  "root": "root",
  "version": 7
}
